{
  "nodes": {
    "nixpkgs": {
      "locked": {
        "lastModified": 1687392660,
        "narHash": "sha256-E4bsKvHGFsKYegkfJ/FwR64OMtpjTWHM4CvCyWSTlnM=",
        "owner": "NixOS",
        "repo": "nixpkgs",
        "rev": "3fb3ce0b6b84d3b4e7b49e142da9c5764b563058",
        "type": "github"
      },
      "original": {
        "id": "nixpkgs",
        "type": "indirect"
      }
    },
    "nixpkgs52": {
      "locked": {
        "lastModified": 1595396303,
        "narHash": "sha256-iWUKHKr05vUx8yKFE6gf5RL8d2M9Voi/RHOylUUG9YY=",
        "owner": "nixos",
        "repo": "nixpkgs",
        "rev": "cde67612b2677b2d57f2db15fb233bb1cd67cdae",
        "type": "github"
      },
      "original": {
        "owner": "nixos",
        "ref": "cde67612b26",
        "repo": "nixpkgs",
        "type": "github"
      }
    },
    "root": {
      "inputs": {
        "nixpkgs": "nixpkgs",
        "nixpkgs52": "nixpkgs52"
      }
    }
  },
  "root": "root",
  "version": 7
}
