{
  "nodes": {
    "nixpkgs": {
      "locked": {
        "lastModified": 1687392660,
        "narHash": "sha256-E4bsKvHGFsKYegkfJ/FwR64OMtpjTWHM4CvCyWSTlnM=",
        "owner": "NixOS",
        "repo": "nixpkgs",
        "rev": "3fb3ce0b6b84d3b4e7b49e142da9c5764b563058",
        "type": "github"
      },
      "original": {
        "id": "nixpkgs",
        "type": "indirect"
      }
    },
    "nixpkgs52": {
      "locked": {
        "lastModified": 1619476604,
        "narHash": "sha256-dDkUPXLKPyrBVxw+buXYgGm8kdljYJeZZgo41jeP4b4=",
        "owner": "nixos",
        "repo": "nixpkgs",
        "rev": "08adc0781104813a3d44936ab7c318b751aa43c0",
        "type": "github"
      },
      "original": {
        "owner": "nixos",
        "repo": "nixpkgs",
        "rev": "08adc0781104813a3d44936ab7c318b751aa43c0",
        "type": "github"
      }
    },
    "root": {
      "inputs": {
        "nixpkgs": "nixpkgs",
        "nixpkgs52": "nixpkgs52"
      }
    }
  },
  "root": "root",
  "version": 7
}
